
Microsoft Visual Studio Solution File, Format Version 12.00
# Visual Studio Version 17
VisualStudioVersion = 17.8.34004.107
MinimumVisualStudioVersion = 10.0.40219.1
Project("{FAE04EC0-301F-11D3-BF4B-00C04F79EFBC}") = "CafeDemo", "CafeDemo\CafeDemo.csproj", "{7EC36D85-CCD2-4D4F-B375-DCE7D4F33538}"
EndProject
Global
	GlobalSection(SolutionConfigurationPlatforms) = preSolution
		Debug|Any CPU = Debug|Any CPU
		Release|Any CPU = Release|Any CPU
	EndGlobalSection
	GlobalSection(ProjectConfigurationPlatforms) = postSolution
		{7EC36D85-CCD2-4D4F-B375-DCE7D4F33538}.Debug|Any CPU.ActiveCfg = Debug|Any CPU
		{7EC36D85-CCD2-4D4F-B375-DCE7D4F33538}.Debug|Any CPU.Build.0 = Debug|Any CPU
		{7EC36D85-CCD2-4D4F-B375-DCE7D4F33538}.Release|Any CPU.ActiveCfg = Release|Any CPU
		{7EC36D85-CCD2-4D4F-B375-DCE7D4F33538}.Release|Any CPU.Build.0 = Release|Any CPU
	EndGlobalSection
	GlobalSection(SolutionProperties) = preSolution
		HideSolutionNode = FALSE
	EndGlobalSection
	GlobalSection(ExtensibilityGlobals) = postSolution
		SolutionGuid = {B60D73A6-4ED6-4823-9CB0-5BF8123257DC}
	EndGlobalSection
EndGlobal
